
Microsoft Visual Studio Solution File, Format Version 12.00
# Visual Studio 15
VisualStudioVersion = 15.0.27130.2003
MinimumVisualStudioVersion = 10.0.40219.1
Project("{9A19103F-16F7-4668-BE54-9A1E7A4F7556}") = "SKS.ParcelLogistics.WebService", "SKS.ParcelLogistics.WebService\SKS.ParcelLogistics.WebService.csproj", "{60B8D769-AE26-4102-ABFA-ECBF6980CDBC}"
	ProjectSection(ProjectDependencies) = postProject
		{4B33863C-7E25-4C39-B7AF-3A895C0F93A1} = {4B33863C-7E25-4C39-B7AF-3A895C0F93A1}
		{8B6BBA8E-D4F3-4B82-9F08-8880EA687292} = {8B6BBA8E-D4F3-4B82-9F08-8880EA687292}
		{E85A149F-81B2-4330-8BF8-1EE399EC0DDF} = {E85A149F-81B2-4330-8BF8-1EE399EC0DDF}
	EndProjectSection
EndProject
Project("{9A19103F-16F7-4668-BE54-9A1E7A4F7556}") = "SKS.ParcelLogistics.WebService.DTOs", "SKS.ParcelLogistics.DTOs\SKS.ParcelLogistics.WebService.DTOs.csproj", "{DB115E65-0D34-4CE6-AC07-4E3977D155F8}"
EndProject
Project("{9A19103F-16F7-4668-BE54-9A1E7A4F7556}") = "SKS.ParcelLogistics.WebService.Interfaces", "SKS.ParcelLogistics.Interfaces\SKS.ParcelLogistics.WebService.Interfaces.csproj", "{AD47D41A-E2CA-4D7A-B55F-CA0AF274730C}"
EndProject
Project("{9A19103F-16F7-4668-BE54-9A1E7A4F7556}") = "SKS.ParcelLogistics.Tests", "SKS.ParcelLogistics.Tests\SKS.ParcelLogistics.Tests.csproj", "{987E9BA7-D0DD-4856-85A2-279CCB00EC9C}"
EndProject
Project("{9A19103F-16F7-4668-BE54-9A1E7A4F7556}") = "SKS.ParcelLogistics.BusinessLogic", "SKS.ParcelLogistics.BusinessLogic\SKS.ParcelLogistics.BusinessLogic.csproj", "{8B6BBA8E-D4F3-4B82-9F08-8880EA687292}"
EndProject
Project("{9A19103F-16F7-4668-BE54-9A1E7A4F7556}") = "SKS.ParcelLogistics.BusinessLogic.Entities", "SKS.ParcelLogistics.BusinessLogic.Entities\SKS.ParcelLogistics.BusinessLogic.Entities.csproj", "{E85A149F-81B2-4330-8BF8-1EE399EC0DDF}"
EndProject
Project("{9A19103F-16F7-4668-BE54-9A1E7A4F7556}") = "SKS.ParcelLogistics.BusinessLogic.Interfaces", "SKS.ParcelLogistics.BusinessLogic.Interfaces\SKS.ParcelLogistics.BusinessLogic.Interfaces.csproj", "{4B33863C-7E25-4C39-B7AF-3A895C0F93A1}"
	ProjectSection(ProjectDependencies) = postProject
		{E85A149F-81B2-4330-8BF8-1EE399EC0DDF} = {E85A149F-81B2-4330-8BF8-1EE399EC0DDF}
	EndProjectSection
EndProject
Project("{2150E333-8FDC-42A3-9474-1A3956D46DE8}") = "BusinessLogic", "BusinessLogic", "{A200C9E4-29D0-4C26-B596-8BC5FC1528FC}"
EndProject
Project("{2150E333-8FDC-42A3-9474-1A3956D46DE8}") = "WebService", "WebService", "{233DC02A-34E1-45B7-8216-27156F0A9D8D}"
EndProject
Project("{2150E333-8FDC-42A3-9474-1A3956D46DE8}") = "DAL", "DAL", "{039A5BCE-D60D-49D9-B0E2-7FC23D4C1DFB}"
EndProject
Project("{9A19103F-16F7-4668-BE54-9A1E7A4F7556}") = "SKS.ParcelLogistics.DataAccess.Entities", "SKS.ParcelLogistics.DataAccess.Entities\SKS.ParcelLogistics.DataAccess.Entities.csproj", "{BB7E5D9C-6785-47D5-8B94-64F18CCA6CD1}"
EndProject
Project("{9A19103F-16F7-4668-BE54-9A1E7A4F7556}") = "SKS.ParcelLogistics.DataAccess.Mock", "SKS.ParcelLogistics.DataAccess.Mock\SKS.ParcelLogistics.DataAccess.Mock.csproj", "{1D6DB301-6AC9-4348-A70F-E006F507D831}"
EndProject
Project("{9A19103F-16F7-4668-BE54-9A1E7A4F7556}") = "SKS.ParcelLogistics.DataAccess.SQL", "SKS.ParcelLogistics.DataAccess.SQL\SKS.ParcelLogistics.DataAccess.SQL.csproj", "{633965C5-0DC6-4DC1-A5C0-CB3C8DECC8EC}"
EndProject
Project("{2150E333-8FDC-42A3-9474-1A3956D46DE8}") = "Config", "Config", "{9058403F-D603-47C6-BBF3-3FA931EE067C}"
	ProjectSection(SolutionItems) = preProject
		log4net.config = log4net.config
	EndProjectSection
EndProject
Project("{2150E333-8FDC-42A3-9474-1A3956D46DE8}") = "ServiceAgents", "ServiceAgents", "{0CEB95DD-0C91-4736-A31F-8B34FE522B92}"
EndProject
Project("{9A19103F-16F7-4668-BE54-9A1E7A4F7556}") = "SKS.ParcelLogistics.ServiceAgents", "SKS.ParcelLogistics.ServiceAgents\SKS.ParcelLogistics.ServiceAgents.csproj", "{512245A6-E0A3-460E-BA06-47A2C1101FEA}"
	ProjectSection(ProjectDependencies) = postProject
		{BEF0FD42-ED9E-4EDB-BF06-9EA97B2B2A25} = {BEF0FD42-ED9E-4EDB-BF06-9EA97B2B2A25}
	EndProjectSection
EndProject
Project("{9A19103F-16F7-4668-BE54-9A1E7A4F7556}") = "SKS.ParcelLogistics.ServiceAgents.Interfaces", "SKS.ParcelLogistics.ServiceAgents.Interfaces\SKS.ParcelLogistics.ServiceAgents.Interfaces.csproj", "{CC0E7728-175D-4C5E-9CD6-4FE1956D64EE}"
	ProjectSection(ProjectDependencies) = postProject
		{BEF0FD42-ED9E-4EDB-BF06-9EA97B2B2A25} = {BEF0FD42-ED9E-4EDB-BF06-9EA97B2B2A25}
	EndProjectSection
EndProject
Project("{9A19103F-16F7-4668-BE54-9A1E7A4F7556}") = "SKS.ParcelLogistics.BusinessLogic.Domain", "SKS.ParcelLogistics.BusinessLogic.Domain\SKS.ParcelLogistics.BusinessLogic.Domain.csproj", "{BEF0FD42-ED9E-4EDB-BF06-9EA97B2B2A25}"
EndProject
Project("{9A19103F-16F7-4668-BE54-9A1E7A4F7556}") = "SKS.ParcelLogistics.DataAccess.Interfaces", "SKS.ParcelLogistics.DataAccess.Interfaces\SKS.ParcelLogistics.DataAccess.Interfaces.csproj", "{15BBC313-F9D0-4023-871B-229EF8F47FAF}"
EndProject
Project("{9A19103F-16F7-4668-BE54-9A1E7A4F7556}") = "SKS.ParcelLogistics.BusinessLogic.Mock", "SKS.ParcelLogistics.BusinessLogic.Mock\SKS.ParcelLogistics.BusinessLogic.Mock.csproj", "{2D25D17F-63B7-4892-9711-CDC6067E5E21}"
EndProject
Global
	GlobalSection(SolutionConfigurationPlatforms) = preSolution
		Debug|Any CPU = Debug|Any CPU
		Debug|x64 = Debug|x64
		Debug|x86 = Debug|x86
		Release|Any CPU = Release|Any CPU
		Release|x64 = Release|x64
		Release|x86 = Release|x86
	EndGlobalSection
	GlobalSection(ProjectConfigurationPlatforms) = postSolution
		{60B8D769-AE26-4102-ABFA-ECBF6980CDBC}.Debug|Any CPU.ActiveCfg = Debug|Any CPU
		{60B8D769-AE26-4102-ABFA-ECBF6980CDBC}.Debug|Any CPU.Build.0 = Debug|Any CPU
		{60B8D769-AE26-4102-ABFA-ECBF6980CDBC}.Debug|x64.ActiveCfg = Debug|Any CPU
		{60B8D769-AE26-4102-ABFA-ECBF6980CDBC}.Debug|x64.Build.0 = Debug|Any CPU
		{60B8D769-AE26-4102-ABFA-ECBF6980CDBC}.Debug|x86.ActiveCfg = Debug|Any CPU
		{60B8D769-AE26-4102-ABFA-ECBF6980CDBC}.Debug|x86.Build.0 = Debug|Any CPU
		{60B8D769-AE26-4102-ABFA-ECBF6980CDBC}.Release|Any CPU.ActiveCfg = Release|Any CPU
		{60B8D769-AE26-4102-ABFA-ECBF6980CDBC}.Release|Any CPU.Build.0 = Release|Any CPU
		{60B8D769-AE26-4102-ABFA-ECBF6980CDBC}.Release|x64.ActiveCfg = Release|Any CPU
		{60B8D769-AE26-4102-ABFA-ECBF6980CDBC}.Release|x64.Build.0 = Release|Any CPU
		{60B8D769-AE26-4102-ABFA-ECBF6980CDBC}.Release|x86.ActiveCfg = Release|Any CPU
		{60B8D769-AE26-4102-ABFA-ECBF6980CDBC}.Release|x86.Build.0 = Release|Any CPU
		{DB115E65-0D34-4CE6-AC07-4E3977D155F8}.Debug|Any CPU.ActiveCfg = Debug|Any CPU
		{DB115E65-0D34-4CE6-AC07-4E3977D155F8}.Debug|Any CPU.Build.0 = Debug|Any CPU
		{DB115E65-0D34-4CE6-AC07-4E3977D155F8}.Debug|x64.ActiveCfg = Debug|Any CPU
		{DB115E65-0D34-4CE6-AC07-4E3977D155F8}.Debug|x64.Build.0 = Debug|Any CPU
		{DB115E65-0D34-4CE6-AC07-4E3977D155F8}.Debug|x86.ActiveCfg = Debug|Any CPU
		{DB115E65-0D34-4CE6-AC07-4E3977D155F8}.Debug|x86.Build.0 = Debug|Any CPU
		{DB115E65-0D34-4CE6-AC07-4E3977D155F8}.Release|Any CPU.ActiveCfg = Release|Any CPU
		{DB115E65-0D34-4CE6-AC07-4E3977D155F8}.Release|Any CPU.Build.0 = Release|Any CPU
		{DB115E65-0D34-4CE6-AC07-4E3977D155F8}.Release|x64.ActiveCfg = Release|Any CPU
		{DB115E65-0D34-4CE6-AC07-4E3977D155F8}.Release|x64.Build.0 = Release|Any CPU
		{DB115E65-0D34-4CE6-AC07-4E3977D155F8}.Release|x86.ActiveCfg = Release|Any CPU
		{DB115E65-0D34-4CE6-AC07-4E3977D155F8}.Release|x86.Build.0 = Release|Any CPU
		{AD47D41A-E2CA-4D7A-B55F-CA0AF274730C}.Debug|Any CPU.ActiveCfg = Debug|Any CPU
		{AD47D41A-E2CA-4D7A-B55F-CA0AF274730C}.Debug|Any CPU.Build.0 = Debug|Any CPU
		{AD47D41A-E2CA-4D7A-B55F-CA0AF274730C}.Debug|x64.ActiveCfg = Debug|Any CPU
		{AD47D41A-E2CA-4D7A-B55F-CA0AF274730C}.Debug|x64.Build.0 = Debug|Any CPU
		{AD47D41A-E2CA-4D7A-B55F-CA0AF274730C}.Debug|x86.ActiveCfg = Debug|Any CPU
		{AD47D41A-E2CA-4D7A-B55F-CA0AF274730C}.Debug|x86.Build.0 = Debug|Any CPU
		{AD47D41A-E2CA-4D7A-B55F-CA0AF274730C}.Release|Any CPU.ActiveCfg = Release|Any CPU
		{AD47D41A-E2CA-4D7A-B55F-CA0AF274730C}.Release|Any CPU.Build.0 = Release|Any CPU
		{AD47D41A-E2CA-4D7A-B55F-CA0AF274730C}.Release|x64.ActiveCfg = Release|Any CPU
		{AD47D41A-E2CA-4D7A-B55F-CA0AF274730C}.Release|x64.Build.0 = Release|Any CPU
		{AD47D41A-E2CA-4D7A-B55F-CA0AF274730C}.Release|x86.ActiveCfg = Release|Any CPU
		{AD47D41A-E2CA-4D7A-B55F-CA0AF274730C}.Release|x86.Build.0 = Release|Any CPU
		{987E9BA7-D0DD-4856-85A2-279CCB00EC9C}.Debug|Any CPU.ActiveCfg = Debug|Any CPU
		{987E9BA7-D0DD-4856-85A2-279CCB00EC9C}.Debug|Any CPU.Build.0 = Debug|Any CPU
		{987E9BA7-D0DD-4856-85A2-279CCB00EC9C}.Debug|x64.ActiveCfg = Debug|Any CPU
		{987E9BA7-D0DD-4856-85A2-279CCB00EC9C}.Debug|x64.Build.0 = Debug|Any CPU
		{987E9BA7-D0DD-4856-85A2-279CCB00EC9C}.Debug|x86.ActiveCfg = Debug|Any CPU
		{987E9BA7-D0DD-4856-85A2-279CCB00EC9C}.Debug|x86.Build.0 = Debug|Any CPU
		{987E9BA7-D0DD-4856-85A2-279CCB00EC9C}.Release|Any CPU.ActiveCfg = Release|Any CPU
		{987E9BA7-D0DD-4856-85A2-279CCB00EC9C}.Release|Any CPU.Build.0 = Release|Any CPU
		{987E9BA7-D0DD-4856-85A2-279CCB00EC9C}.Release|x64.ActiveCfg = Release|Any CPU
		{987E9BA7-D0DD-4856-85A2-279CCB00EC9C}.Release|x64.Build.0 = Release|Any CPU
		{987E9BA7-D0DD-4856-85A2-279CCB00EC9C}.Release|x86.ActiveCfg = Release|Any CPU
		{987E9BA7-D0DD-4856-85A2-279CCB00EC9C}.Release|x86.Build.0 = Release|Any CPU
		{8B6BBA8E-D4F3-4B82-9F08-8880EA687292}.Debug|Any CPU.ActiveCfg = Debug|Any CPU
		{8B6BBA8E-D4F3-4B82-9F08-8880EA687292}.Debug|Any CPU.Build.0 = Debug|Any CPU
		{8B6BBA8E-D4F3-4B82-9F08-8880EA687292}.Debug|x64.ActiveCfg = Debug|Any CPU
		{8B6BBA8E-D4F3-4B82-9F08-8880EA687292}.Debug|x64.Build.0 = Debug|Any CPU
		{8B6BBA8E-D4F3-4B82-9F08-8880EA687292}.Debug|x86.ActiveCfg = Debug|Any CPU
		{8B6BBA8E-D4F3-4B82-9F08-8880EA687292}.Debug|x86.Build.0 = Debug|Any CPU
		{8B6BBA8E-D4F3-4B82-9F08-8880EA687292}.Release|Any CPU.ActiveCfg = Release|Any CPU
		{8B6BBA8E-D4F3-4B82-9F08-8880EA687292}.Release|Any CPU.Build.0 = Release|Any CPU
		{8B6BBA8E-D4F3-4B82-9F08-8880EA687292}.Release|x64.ActiveCfg = Release|Any CPU
		{8B6BBA8E-D4F3-4B82-9F08-8880EA687292}.Release|x64.Build.0 = Release|Any CPU
		{8B6BBA8E-D4F3-4B82-9F08-8880EA687292}.Release|x86.ActiveCfg = Release|Any CPU
		{8B6BBA8E-D4F3-4B82-9F08-8880EA687292}.Release|x86.Build.0 = Release|Any CPU
		{E85A149F-81B2-4330-8BF8-1EE399EC0DDF}.Debug|Any CPU.ActiveCfg = Debug|Any CPU
		{E85A149F-81B2-4330-8BF8-1EE399EC0DDF}.Debug|Any CPU.Build.0 = Debug|Any CPU
		{E85A149F-81B2-4330-8BF8-1EE399EC0DDF}.Debug|x64.ActiveCfg = Debug|Any CPU
		{E85A149F-81B2-4330-8BF8-1EE399EC0DDF}.Debug|x64.Build.0 = Debug|Any CPU
		{E85A149F-81B2-4330-8BF8-1EE399EC0DDF}.Debug|x86.ActiveCfg = Debug|Any CPU
		{E85A149F-81B2-4330-8BF8-1EE399EC0DDF}.Debug|x86.Build.0 = Debug|Any CPU
		{E85A149F-81B2-4330-8BF8-1EE399EC0DDF}.Release|Any CPU.ActiveCfg = Release|Any CPU
		{E85A149F-81B2-4330-8BF8-1EE399EC0DDF}.Release|Any CPU.Build.0 = Release|Any CPU
		{E85A149F-81B2-4330-8BF8-1EE399EC0DDF}.Release|x64.ActiveCfg = Release|Any CPU
		{E85A149F-81B2-4330-8BF8-1EE399EC0DDF}.Release|x64.Build.0 = Release|Any CPU
		{E85A149F-81B2-4330-8BF8-1EE399EC0DDF}.Release|x86.ActiveCfg = Release|Any CPU
		{E85A149F-81B2-4330-8BF8-1EE399EC0DDF}.Release|x86.Build.0 = Release|Any CPU
		{4B33863C-7E25-4C39-B7AF-3A895C0F93A1}.Debug|Any CPU.ActiveCfg = Debug|Any CPU
		{4B33863C-7E25-4C39-B7AF-3A895C0F93A1}.Debug|Any CPU.Build.0 = Debug|Any CPU
		{4B33863C-7E25-4C39-B7AF-3A895C0F93A1}.Debug|x64.ActiveCfg = Debug|Any CPU
		{4B33863C-7E25-4C39-B7AF-3A895C0F93A1}.Debug|x64.Build.0 = Debug|Any CPU
		{4B33863C-7E25-4C39-B7AF-3A895C0F93A1}.Debug|x86.ActiveCfg = Debug|Any CPU
		{4B33863C-7E25-4C39-B7AF-3A895C0F93A1}.Debug|x86.Build.0 = Debug|Any CPU
		{4B33863C-7E25-4C39-B7AF-3A895C0F93A1}.Release|Any CPU.ActiveCfg = Release|Any CPU
		{4B33863C-7E25-4C39-B7AF-3A895C0F93A1}.Release|Any CPU.Build.0 = Release|Any CPU
		{4B33863C-7E25-4C39-B7AF-3A895C0F93A1}.Release|x64.ActiveCfg = Release|Any CPU
		{4B33863C-7E25-4C39-B7AF-3A895C0F93A1}.Release|x64.Build.0 = Release|Any CPU
		{4B33863C-7E25-4C39-B7AF-3A895C0F93A1}.Release|x86.ActiveCfg = Release|Any CPU
		{4B33863C-7E25-4C39-B7AF-3A895C0F93A1}.Release|x86.Build.0 = Release|Any CPU
		{BB7E5D9C-6785-47D5-8B94-64F18CCA6CD1}.Debug|Any CPU.ActiveCfg = Debug|Any CPU
		{BB7E5D9C-6785-47D5-8B94-64F18CCA6CD1}.Debug|Any CPU.Build.0 = Debug|Any CPU
		{BB7E5D9C-6785-47D5-8B94-64F18CCA6CD1}.Debug|x64.ActiveCfg = Debug|Any CPU
		{BB7E5D9C-6785-47D5-8B94-64F18CCA6CD1}.Debug|x64.Build.0 = Debug|Any CPU
		{BB7E5D9C-6785-47D5-8B94-64F18CCA6CD1}.Debug|x86.ActiveCfg = Debug|Any CPU
		{BB7E5D9C-6785-47D5-8B94-64F18CCA6CD1}.Debug|x86.Build.0 = Debug|Any CPU
		{BB7E5D9C-6785-47D5-8B94-64F18CCA6CD1}.Release|Any CPU.ActiveCfg = Release|Any CPU
		{BB7E5D9C-6785-47D5-8B94-64F18CCA6CD1}.Release|Any CPU.Build.0 = Release|Any CPU
		{BB7E5D9C-6785-47D5-8B94-64F18CCA6CD1}.Release|x64.ActiveCfg = Release|Any CPU
		{BB7E5D9C-6785-47D5-8B94-64F18CCA6CD1}.Release|x64.Build.0 = Release|Any CPU
		{BB7E5D9C-6785-47D5-8B94-64F18CCA6CD1}.Release|x86.ActiveCfg = Release|Any CPU
		{BB7E5D9C-6785-47D5-8B94-64F18CCA6CD1}.Release|x86.Build.0 = Release|Any CPU
		{1D6DB301-6AC9-4348-A70F-E006F507D831}.Debug|Any CPU.ActiveCfg = Debug|Any CPU
		{1D6DB301-6AC9-4348-A70F-E006F507D831}.Debug|Any CPU.Build.0 = Debug|Any CPU
		{1D6DB301-6AC9-4348-A70F-E006F507D831}.Debug|x64.ActiveCfg = Debug|Any CPU
		{1D6DB301-6AC9-4348-A70F-E006F507D831}.Debug|x64.Build.0 = Debug|Any CPU
		{1D6DB301-6AC9-4348-A70F-E006F507D831}.Debug|x86.ActiveCfg = Debug|Any CPU
		{1D6DB301-6AC9-4348-A70F-E006F507D831}.Debug|x86.Build.0 = Debug|Any CPU
		{1D6DB301-6AC9-4348-A70F-E006F507D831}.Release|Any CPU.ActiveCfg = Release|Any CPU
		{1D6DB301-6AC9-4348-A70F-E006F507D831}.Release|Any CPU.Build.0 = Release|Any CPU
		{1D6DB301-6AC9-4348-A70F-E006F507D831}.Release|x64.ActiveCfg = Release|Any CPU
		{1D6DB301-6AC9-4348-A70F-E006F507D831}.Release|x64.Build.0 = Release|Any CPU
		{1D6DB301-6AC9-4348-A70F-E006F507D831}.Release|x86.ActiveCfg = Release|Any CPU
		{1D6DB301-6AC9-4348-A70F-E006F507D831}.Release|x86.Build.0 = Release|Any CPU
		{633965C5-0DC6-4DC1-A5C0-CB3C8DECC8EC}.Debug|Any CPU.ActiveCfg = Debug|Any CPU
		{633965C5-0DC6-4DC1-A5C0-CB3C8DECC8EC}.Debug|Any CPU.Build.0 = Debug|Any CPU
		{633965C5-0DC6-4DC1-A5C0-CB3C8DECC8EC}.Debug|x64.ActiveCfg = Debug|Any CPU
		{633965C5-0DC6-4DC1-A5C0-CB3C8DECC8EC}.Debug|x64.Build.0 = Debug|Any CPU
		{633965C5-0DC6-4DC1-A5C0-CB3C8DECC8EC}.Debug|x86.ActiveCfg = Debug|Any CPU
		{633965C5-0DC6-4DC1-A5C0-CB3C8DECC8EC}.Debug|x86.Build.0 = Debug|Any CPU
		{633965C5-0DC6-4DC1-A5C0-CB3C8DECC8EC}.Release|Any CPU.ActiveCfg = Release|Any CPU
		{633965C5-0DC6-4DC1-A5C0-CB3C8DECC8EC}.Release|Any CPU.Build.0 = Release|Any CPU
		{633965C5-0DC6-4DC1-A5C0-CB3C8DECC8EC}.Release|x64.ActiveCfg = Release|Any CPU
		{633965C5-0DC6-4DC1-A5C0-CB3C8DECC8EC}.Release|x64.Build.0 = Release|Any CPU
		{633965C5-0DC6-4DC1-A5C0-CB3C8DECC8EC}.Release|x86.ActiveCfg = Release|Any CPU
		{633965C5-0DC6-4DC1-A5C0-CB3C8DECC8EC}.Release|x86.Build.0 = Release|Any CPU
		{512245A6-E0A3-460E-BA06-47A2C1101FEA}.Debug|Any CPU.ActiveCfg = Debug|Any CPU
		{512245A6-E0A3-460E-BA06-47A2C1101FEA}.Debug|Any CPU.Build.0 = Debug|Any CPU
		{512245A6-E0A3-460E-BA06-47A2C1101FEA}.Debug|x64.ActiveCfg = Debug|Any CPU
		{512245A6-E0A3-460E-BA06-47A2C1101FEA}.Debug|x64.Build.0 = Debug|Any CPU
		{512245A6-E0A3-460E-BA06-47A2C1101FEA}.Debug|x86.ActiveCfg = Debug|Any CPU
		{512245A6-E0A3-460E-BA06-47A2C1101FEA}.Debug|x86.Build.0 = Debug|Any CPU
		{512245A6-E0A3-460E-BA06-47A2C1101FEA}.Release|Any CPU.ActiveCfg = Release|Any CPU
		{512245A6-E0A3-460E-BA06-47A2C1101FEA}.Release|Any CPU.Build.0 = Release|Any CPU
		{512245A6-E0A3-460E-BA06-47A2C1101FEA}.Release|x64.ActiveCfg = Release|Any CPU
		{512245A6-E0A3-460E-BA06-47A2C1101FEA}.Release|x64.Build.0 = Release|Any CPU
		{512245A6-E0A3-460E-BA06-47A2C1101FEA}.Release|x86.ActiveCfg = Release|Any CPU
		{512245A6-E0A3-460E-BA06-47A2C1101FEA}.Release|x86.Build.0 = Release|Any CPU
		{CC0E7728-175D-4C5E-9CD6-4FE1956D64EE}.Debug|Any CPU.ActiveCfg = Debug|Any CPU
		{CC0E7728-175D-4C5E-9CD6-4FE1956D64EE}.Debug|Any CPU.Build.0 = Debug|Any CPU
		{CC0E7728-175D-4C5E-9CD6-4FE1956D64EE}.Debug|x64.ActiveCfg = Debug|Any CPU
		{CC0E7728-175D-4C5E-9CD6-4FE1956D64EE}.Debug|x64.Build.0 = Debug|Any CPU
		{CC0E7728-175D-4C5E-9CD6-4FE1956D64EE}.Debug|x86.ActiveCfg = Debug|Any CPU
		{CC0E7728-175D-4C5E-9CD6-4FE1956D64EE}.Debug|x86.Build.0 = Debug|Any CPU
		{CC0E7728-175D-4C5E-9CD6-4FE1956D64EE}.Release|Any CPU.ActiveCfg = Release|Any CPU
		{CC0E7728-175D-4C5E-9CD6-4FE1956D64EE}.Release|Any CPU.Build.0 = Release|Any CPU
		{CC0E7728-175D-4C5E-9CD6-4FE1956D64EE}.Release|x64.ActiveCfg = Release|Any CPU
		{CC0E7728-175D-4C5E-9CD6-4FE1956D64EE}.Release|x64.Build.0 = Release|Any CPU
		{CC0E7728-175D-4C5E-9CD6-4FE1956D64EE}.Release|x86.ActiveCfg = Release|Any CPU
		{CC0E7728-175D-4C5E-9CD6-4FE1956D64EE}.Release|x86.Build.0 = Release|Any CPU
		{BEF0FD42-ED9E-4EDB-BF06-9EA97B2B2A25}.Debug|Any CPU.ActiveCfg = Debug|Any CPU
		{BEF0FD42-ED9E-4EDB-BF06-9EA97B2B2A25}.Debug|Any CPU.Build.0 = Debug|Any CPU
		{BEF0FD42-ED9E-4EDB-BF06-9EA97B2B2A25}.Debug|x64.ActiveCfg = Debug|Any CPU
		{BEF0FD42-ED9E-4EDB-BF06-9EA97B2B2A25}.Debug|x64.Build.0 = Debug|Any CPU
		{BEF0FD42-ED9E-4EDB-BF06-9EA97B2B2A25}.Debug|x86.ActiveCfg = Debug|Any CPU
		{BEF0FD42-ED9E-4EDB-BF06-9EA97B2B2A25}.Debug|x86.Build.0 = Debug|Any CPU
		{BEF0FD42-ED9E-4EDB-BF06-9EA97B2B2A25}.Release|Any CPU.ActiveCfg = Release|Any CPU
		{BEF0FD42-ED9E-4EDB-BF06-9EA97B2B2A25}.Release|Any CPU.Build.0 = Release|Any CPU
		{BEF0FD42-ED9E-4EDB-BF06-9EA97B2B2A25}.Release|x64.ActiveCfg = Release|Any CPU
		{BEF0FD42-ED9E-4EDB-BF06-9EA97B2B2A25}.Release|x64.Build.0 = Release|Any CPU
		{BEF0FD42-ED9E-4EDB-BF06-9EA97B2B2A25}.Release|x86.ActiveCfg = Release|Any CPU
		{BEF0FD42-ED9E-4EDB-BF06-9EA97B2B2A25}.Release|x86.Build.0 = Release|Any CPU
		{15BBC313-F9D0-4023-871B-229EF8F47FAF}.Debug|Any CPU.ActiveCfg = Debug|Any CPU
		{15BBC313-F9D0-4023-871B-229EF8F47FAF}.Debug|Any CPU.Build.0 = Debug|Any CPU
		{15BBC313-F9D0-4023-871B-229EF8F47FAF}.Debug|x64.ActiveCfg = Debug|Any CPU
		{15BBC313-F9D0-4023-871B-229EF8F47FAF}.Debug|x64.Build.0 = Debug|Any CPU
		{15BBC313-F9D0-4023-871B-229EF8F47FAF}.Debug|x86.ActiveCfg = Debug|Any CPU
		{15BBC313-F9D0-4023-871B-229EF8F47FAF}.Debug|x86.Build.0 = Debug|Any CPU
		{15BBC313-F9D0-4023-871B-229EF8F47FAF}.Release|Any CPU.ActiveCfg = Release|Any CPU
		{15BBC313-F9D0-4023-871B-229EF8F47FAF}.Release|Any CPU.Build.0 = Release|Any CPU
		{15BBC313-F9D0-4023-871B-229EF8F47FAF}.Release|x64.ActiveCfg = Release|Any CPU
		{15BBC313-F9D0-4023-871B-229EF8F47FAF}.Release|x64.Build.0 = Release|Any CPU
		{15BBC313-F9D0-4023-871B-229EF8F47FAF}.Release|x86.ActiveCfg = Release|Any CPU
		{15BBC313-F9D0-4023-871B-229EF8F47FAF}.Release|x86.Build.0 = Release|Any CPU
		{2D25D17F-63B7-4892-9711-CDC6067E5E21}.Debug|Any CPU.ActiveCfg = Debug|Any CPU
		{2D25D17F-63B7-4892-9711-CDC6067E5E21}.Debug|Any CPU.Build.0 = Debug|Any CPU
		{2D25D17F-63B7-4892-9711-CDC6067E5E21}.Debug|x64.ActiveCfg = Debug|Any CPU
		{2D25D17F-63B7-4892-9711-CDC6067E5E21}.Debug|x64.Build.0 = Debug|Any CPU
		{2D25D17F-63B7-4892-9711-CDC6067E5E21}.Debug|x86.ActiveCfg = Debug|Any CPU
		{2D25D17F-63B7-4892-9711-CDC6067E5E21}.Debug|x86.Build.0 = Debug|Any CPU
		{2D25D17F-63B7-4892-9711-CDC6067E5E21}.Release|Any CPU.ActiveCfg = Release|Any CPU
		{2D25D17F-63B7-4892-9711-CDC6067E5E21}.Release|Any CPU.Build.0 = Release|Any CPU
		{2D25D17F-63B7-4892-9711-CDC6067E5E21}.Release|x64.ActiveCfg = Release|Any CPU
		{2D25D17F-63B7-4892-9711-CDC6067E5E21}.Release|x64.Build.0 = Release|Any CPU
		{2D25D17F-63B7-4892-9711-CDC6067E5E21}.Release|x86.ActiveCfg = Release|Any CPU
		{2D25D17F-63B7-4892-9711-CDC6067E5E21}.Release|x86.Build.0 = Release|Any CPU
	EndGlobalSection
	GlobalSection(SolutionProperties) = preSolution
		HideSolutionNode = FALSE
	EndGlobalSection
	GlobalSection(NestedProjects) = preSolution
		{60B8D769-AE26-4102-ABFA-ECBF6980CDBC} = {233DC02A-34E1-45B7-8216-27156F0A9D8D}
		{DB115E65-0D34-4CE6-AC07-4E3977D155F8} = {233DC02A-34E1-45B7-8216-27156F0A9D8D}
		{AD47D41A-E2CA-4D7A-B55F-CA0AF274730C} = {233DC02A-34E1-45B7-8216-27156F0A9D8D}
		{8B6BBA8E-D4F3-4B82-9F08-8880EA687292} = {A200C9E4-29D0-4C26-B596-8BC5FC1528FC}
		{E85A149F-81B2-4330-8BF8-1EE399EC0DDF} = {A200C9E4-29D0-4C26-B596-8BC5FC1528FC}
		{4B33863C-7E25-4C39-B7AF-3A895C0F93A1} = {A200C9E4-29D0-4C26-B596-8BC5FC1528FC}
		{BB7E5D9C-6785-47D5-8B94-64F18CCA6CD1} = {039A5BCE-D60D-49D9-B0E2-7FC23D4C1DFB}
		{1D6DB301-6AC9-4348-A70F-E006F507D831} = {039A5BCE-D60D-49D9-B0E2-7FC23D4C1DFB}
		{633965C5-0DC6-4DC1-A5C0-CB3C8DECC8EC} = {039A5BCE-D60D-49D9-B0E2-7FC23D4C1DFB}
		{512245A6-E0A3-460E-BA06-47A2C1101FEA} = {0CEB95DD-0C91-4736-A31F-8B34FE522B92}
		{CC0E7728-175D-4C5E-9CD6-4FE1956D64EE} = {0CEB95DD-0C91-4736-A31F-8B34FE522B92}
		{BEF0FD42-ED9E-4EDB-BF06-9EA97B2B2A25} = {A200C9E4-29D0-4C26-B596-8BC5FC1528FC}
		{15BBC313-F9D0-4023-871B-229EF8F47FAF} = {039A5BCE-D60D-49D9-B0E2-7FC23D4C1DFB}
		{2D25D17F-63B7-4892-9711-CDC6067E5E21} = {A200C9E4-29D0-4C26-B596-8BC5FC1528FC}
	EndGlobalSection
	GlobalSection(ExtensibilityGlobals) = postSolution
		SolutionGuid = {A4D287FD-83DD-43D6-AA31-91F992A62A06}
	EndGlobalSection
EndGlobal
